
Microsoft Visual Studio Solution File, Format Version 12.00
# Visual Studio Version 16
VisualStudioVersion = 16.0.29209.62
MinimumVisualStudioVersion = 10.0.40219.1
Project("{FAE04EC0-301F-11D3-BF4B-00C04F79EFBC}") = "CountryInformation", "CountryInformation\CountryInformation.csproj", "{1EE3E289-D761-4516-A9D0-C2087EC90192}"
EndProject
Global
	GlobalSection(SolutionConfigurationPlatforms) = preSolution
		Debug|Any CPU = Debug|Any CPU
		Release|Any CPU = Release|Any CPU
	EndGlobalSection
	GlobalSection(ProjectConfigurationPlatforms) = postSolution
		{1EE3E289-D761-4516-A9D0-C2087EC90192}.Debug|Any CPU.ActiveCfg = Debug|Any CPU
		{1EE3E289-D761-4516-A9D0-C2087EC90192}.Debug|Any CPU.Build.0 = Debug|Any CPU
		{1EE3E289-D761-4516-A9D0-C2087EC90192}.Release|Any CPU.ActiveCfg = Release|Any CPU
		{1EE3E289-D761-4516-A9D0-C2087EC90192}.Release|Any CPU.Build.0 = Release|Any CPU
	EndGlobalSection
	GlobalSection(SolutionProperties) = preSolution
		HideSolutionNode = FALSE
	EndGlobalSection
	GlobalSection(ExtensibilityGlobals) = postSolution
		SolutionGuid = {FBE8A20D-7275-42E7-B809-A01A8D2F3133}
	EndGlobalSection
EndGlobal
